
Microsoft Visual Studio Solution File, Format Version 12.00
# Visual Studio 14
VisualStudioVersion = 14.0.23107.0
MinimumVisualStudioVersion = 10.0.40219.1
Project("{FAE04EC0-301F-11D3-BF4B-00C04F79EFBC}") = "dotLAND-ASKIT_serviceUser", "dotLAND-ASKIT_serviceUser\dotLAND-ASKIT_serviceUser.csproj", "{BFCDD14F-62F0-4299-BBE6-482A96D60390}"
EndProject
Global
	GlobalSection(SolutionConfigurationPlatforms) = preSolution
		Debug|Any CPU = Debug|Any CPU
		Release|Any CPU = Release|Any CPU
	EndGlobalSection
	GlobalSection(ProjectConfigurationPlatforms) = postSolution
		{BFCDD14F-62F0-4299-BBE6-482A96D60390}.Debug|Any CPU.ActiveCfg = Debug|Any CPU
		{BFCDD14F-62F0-4299-BBE6-482A96D60390}.Debug|Any CPU.Build.0 = Debug|Any CPU
		{BFCDD14F-62F0-4299-BBE6-482A96D60390}.Release|Any CPU.ActiveCfg = Release|Any CPU
		{BFCDD14F-62F0-4299-BBE6-482A96D60390}.Release|Any CPU.Build.0 = Release|Any CPU
	EndGlobalSection
	GlobalSection(SolutionProperties) = preSolution
		HideSolutionNode = FALSE
	EndGlobalSection
EndGlobal
